Microsoft Visual Studio Solution File, Format Version 12.00
# Visual Studio Version 17
VisualStudioVersion = 17.0.31903.59
MinimumVisualStudioVersion = 10.0.40219.1
Project("{FAE04EC0-301F-11D3-BF4B-00C04F79EFBC}") = "SmartMedical.Domain", "src\SmartMedical.Domain\SmartMedical.Domain.csproj", "{DD67E5D3-2161-4929-800A-68768B41F6A2}"
EndProject
Project("{FAE04EC0-301F-11D3-BF4B-00C04F79EFBC}") = "SmartMedical.Application", "src\SmartMedical.Application\SmartMedical.Application.csproj", "{33FE3529-1AE0-4BFE-9895-956DF98AEE48}"
EndProject
Project("{FAE04EC0-301F-11D3-BF4B-00C04F79EFBC}") = "SmartMedical.Infrastructure", "src\SmartMedical.Infrastructure\SmartMedical.Infrastructure.csproj", "{CC89779F-FE9C-4A07-8478-E54226AD4829}"
EndProject
Project("{FAE04EC0-301F-11D3-BF4B-00C04F79EFBC}") = "SmartMedical.API", "src\SmartMedical.API\SmartMedical.API.csproj", "{FCBDB0D0-CBBD-4359-A7C6-D504B8EC455B}"
EndProject
Global
	GlobalSection(SolutionConfigurationPlatforms) = preSolution
		Debug|Any CPU = Debug|Any CPU
		Release|Any CPU = Release|Any CPU
	EndGlobalSection
	GlobalSection(ProjectConfigurationPlatforms) = postSolution
		{DD67E5D3-2161-4929-800A-68768B41F6A2}.Debug|Any CPU.ActiveCfg = Debug|Any CPU
		{DD67E5D3-2161-4929-800A-68768B41F6A2}.Debug|Any CPU.Build.0 = Debug|Any CPU
		{DD67E5D3-2161-4929-800A-68768B41F6A2}.Release|Any CPU.ActiveCfg = Release|Any CPU
		{DD67E5D3-2161-4929-800A-68768B41F6A2}.Release|Any CPU.Build.0 = Release|Any CPU
		{33FE3529-1AE0-4BFE-9895-956DF98AEE48}.Debug|Any CPU.ActiveCfg = Debug|Any CPU
		{33FE3529-1AE0-4BFE-9895-956DF98AEE48}.Debug|Any CPU.Build.0 = Debug|Any CPU
		{33FE3529-1AE0-4BFE-9895-956DF98AEE48}.Release|Any CPU.ActiveCfg = Release|Any CPU
		{33FE3529-1AE0-4BFE-9895-956DF98AEE48}.Release|Any CPU.Build.0 = Release|Any CPU
		{CC89779F-FE9C-4A07-8478-E54226AD4829}.Debug|Any CPU.ActiveCfg = Debug|Any CPU
		{CC89779F-FE9C-4A07-8478-E54226AD4829}.Debug|Any CPU.Build.0 = Debug|Any CPU
		{CC89779F-FE9C-4A07-8478-E54226AD4829}.Release|Any CPU.ActiveCfg = Release|Any CPU
		{CC89779F-FE9C-4A07-8478-E54226AD4829}.Release|Any CPU.Build.0 = Release|Any CPU
		{FCBDB0D0-CBBD-4359-A7C6-D504B8EC455B}.Debug|Any CPU.ActiveCfg = Debug|Any CPU
		{FCBDB0D0-CBBD-4359-A7C6-D504B8EC455B}.Debug|Any CPU.Build.0 = Debug|Any CPU
		{FCBDB0D0-CBBD-4359-A7C6-D504B8EC455B}.Release|Any CPU.ActiveCfg = Release|Any CPU
		{FCBDB0D0-CBBD-4359-A7C6-D504B8EC455B}.Release|Any CPU.Build.0 = Release|Any CPU
	EndGlobalSection
	GlobalSection(SolutionProperties) = preSolution
		HideSolutionNode = FALSE
	EndGlobalSection
EndGlobal
